
Microsoft Visual Studio Solution File, Format Version 12.00
# Visual Studio Version 16
VisualStudioVersion = 16.0.30128.74
MinimumVisualStudioVersion = 10.0.40219.1
Project("{FAE04EC0-301F-11D3-BF4B-00C04F79EFBC}") = "Home11", "Home11.csproj", "{D42E45AC-B06F-4242-A10E-A9EBEBF66B00}"
EndProject
Global
	GlobalSection(SolutionConfigurationPlatforms) = preSolution
		Debug|Any CPU = Debug|Any CPU
		Release|Any CPU = Release|Any CPU
	EndGlobalSection
	GlobalSection(ProjectConfigurationPlatforms) = postSolution
		{D42E45AC-B06F-4242-A10E-A9EBEBF66B00}.Debug|Any CPU.ActiveCfg = Debug|Any CPU
		{D42E45AC-B06F-4242-A10E-A9EBEBF66B00}.Debug|Any CPU.Build.0 = Debug|Any CPU
		{D42E45AC-B06F-4242-A10E-A9EBEBF66B00}.Release|Any CPU.ActiveCfg = Release|Any CPU
		{D42E45AC-B06F-4242-A10E-A9EBEBF66B00}.Release|Any CPU.Build.0 = Release|Any CPU
	EndGlobalSection
	GlobalSection(SolutionProperties) = preSolution
		HideSolutionNode = FALSE
	EndGlobalSection
	GlobalSection(ExtensibilityGlobals) = postSolution
		SolutionGuid = {F4A0026C-BD4C-4E9C-86BD-A8775BB3E23D}
	EndGlobalSection
EndGlobal
