
Microsoft Visual Studio Solution File, Format Version 12.00
# Visual Studio Version 16
VisualStudioVersion = 16.0.30128.74
MinimumVisualStudioVersion = 10.0.40219.1
Project("{FAE04EC0-301F-11D3-BF4B-00C04F79EFBC}") = "StopWatch3", "StopWatch3.csproj", "{A28BCF0D-57A4-4077-8FCB-3F8326A22A9C}"
EndProject
Global
	GlobalSection(SolutionConfigurationPlatforms) = preSolution
		Debug|Any CPU = Debug|Any CPU
		Release|Any CPU = Release|Any CPU
	EndGlobalSection
	GlobalSection(ProjectConfigurationPlatforms) = postSolution
		{A28BCF0D-57A4-4077-8FCB-3F8326A22A9C}.Debug|Any CPU.ActiveCfg = Debug|Any CPU
		{A28BCF0D-57A4-4077-8FCB-3F8326A22A9C}.Debug|Any CPU.Build.0 = Debug|Any CPU
		{A28BCF0D-57A4-4077-8FCB-3F8326A22A9C}.Release|Any CPU.ActiveCfg = Release|Any CPU
		{A28BCF0D-57A4-4077-8FCB-3F8326A22A9C}.Release|Any CPU.Build.0 = Release|Any CPU
	EndGlobalSection
	GlobalSection(SolutionProperties) = preSolution
		HideSolutionNode = FALSE
	EndGlobalSection
	GlobalSection(ExtensibilityGlobals) = postSolution
		SolutionGuid = {7161F5AA-6516-47CF-9777-2D6867707232}
	EndGlobalSection
EndGlobal
