
Microsoft Visual Studio Solution File, Format Version 12.00
# Visual Studio Version 16
VisualStudioVersion = 16.0.30128.74
MinimumVisualStudioVersion = 10.0.40219.1
Project("{FAE04EC0-301F-11D3-BF4B-00C04F79EFBC}") = "Home4", "Home4.csproj", "{61F78584-85BF-4448-A235-2FC8444FEF51}"
EndProject
Global
	GlobalSection(SolutionConfigurationPlatforms) = preSolution
		Debug|Any CPU = Debug|Any CPU
		Release|Any CPU = Release|Any CPU
	EndGlobalSection
	GlobalSection(ProjectConfigurationPlatforms) = postSolution
		{61F78584-85BF-4448-A235-2FC8444FEF51}.Debug|Any CPU.ActiveCfg = Debug|Any CPU
		{61F78584-85BF-4448-A235-2FC8444FEF51}.Debug|Any CPU.Build.0 = Debug|Any CPU
		{61F78584-85BF-4448-A235-2FC8444FEF51}.Release|Any CPU.ActiveCfg = Release|Any CPU
		{61F78584-85BF-4448-A235-2FC8444FEF51}.Release|Any CPU.Build.0 = Release|Any CPU
	EndGlobalSection
	GlobalSection(SolutionProperties) = preSolution
		HideSolutionNode = FALSE
	EndGlobalSection
	GlobalSection(ExtensibilityGlobals) = postSolution
		SolutionGuid = {1928FF28-DBDE-4418-A396-36F2C668EEF6}
	EndGlobalSection
EndGlobal
